
Microsoft Visual Studio Solution File, Format Version 12.00
# Visual Studio 15
VisualStudioVersion = 15.0.26124.0
MinimumVisualStudioVersion = 15.0.26124.0
Project("{2150E333-8FDC-42A3-9474-1A3956D46DE8}") = "src", "src", "{DCADFD3A-90FD-4EC0-8952-74387B0AEE3F}"
EndProject
Project("{FAE04EC0-301F-11D3-BF4B-00C04F79EFBC}") = "GradeBook", "src\GradeBook\GradeBook.csproj", "{4EF2A644-9A4E-448E-B135-C2426FC92B15}"
EndProject
Project("{2150E333-8FDC-42A3-9474-1A3956D46DE8}") = "test", "test", "{AAB9EE62-26CF-4E7C-8ACB-70472E9D6D67}"
EndProject
Project("{FAE04EC0-301F-11D3-BF4B-00C04F79EFBC}") = "GradeBook.Tests", "test\GradeBook.Tests\GradeBook.Tests.csproj", "{A37FBA50-84EA-4B1F-B423-CC8BDD089985}"
EndProject
Global
	GlobalSection(SolutionConfigurationPlatforms) = preSolution
		Debug|Any CPU = Debug|Any CPU
		Debug|x64 = Debug|x64
		Debug|x86 = Debug|x86
		Release|Any CPU = Release|Any CPU
		Release|x64 = Release|x64
		Release|x86 = Release|x86
	EndGlobalSection
	GlobalSection(SolutionProperties) = preSolution
		HideSolutionNode = FALSE
	EndGlobalSection
	GlobalSection(ProjectConfigurationPlatforms) = postSolution
		{4EF2A644-9A4E-448E-B135-C2426FC92B15}.Debug|Any CPU.ActiveCfg = Debug|Any CPU
		{4EF2A644-9A4E-448E-B135-C2426FC92B15}.Debug|Any CPU.Build.0 = Debug|Any CPU
		{4EF2A644-9A4E-448E-B135-C2426FC92B15}.Debug|x64.ActiveCfg = Debug|Any CPU
		{4EF2A644-9A4E-448E-B135-C2426FC92B15}.Debug|x64.Build.0 = Debug|Any CPU
		{4EF2A644-9A4E-448E-B135-C2426FC92B15}.Debug|x86.ActiveCfg = Debug|Any CPU
		{4EF2A644-9A4E-448E-B135-C2426FC92B15}.Debug|x86.Build.0 = Debug|Any CPU
		{4EF2A644-9A4E-448E-B135-C2426FC92B15}.Release|Any CPU.ActiveCfg = Release|Any CPU
		{4EF2A644-9A4E-448E-B135-C2426FC92B15}.Release|Any CPU.Build.0 = Release|Any CPU
		{4EF2A644-9A4E-448E-B135-C2426FC92B15}.Release|x64.ActiveCfg = Release|Any CPU
		{4EF2A644-9A4E-448E-B135-C2426FC92B15}.Release|x64.Build.0 = Release|Any CPU
		{4EF2A644-9A4E-448E-B135-C2426FC92B15}.Release|x86.ActiveCfg = Release|Any CPU
		{4EF2A644-9A4E-448E-B135-C2426FC92B15}.Release|x86.Build.0 = Release|Any CPU
		{A37FBA50-84EA-4B1F-B423-CC8BDD089985}.Debug|Any CPU.ActiveCfg = Debug|Any CPU
		{A37FBA50-84EA-4B1F-B423-CC8BDD089985}.Debug|Any CPU.Build.0 = Debug|Any CPU
		{A37FBA50-84EA-4B1F-B423-CC8BDD089985}.Debug|x64.ActiveCfg = Debug|Any CPU
		{A37FBA50-84EA-4B1F-B423-CC8BDD089985}.Debug|x64.Build.0 = Debug|Any CPU
		{A37FBA50-84EA-4B1F-B423-CC8BDD089985}.Debug|x86.ActiveCfg = Debug|Any CPU
		{A37FBA50-84EA-4B1F-B423-CC8BDD089985}.Debug|x86.Build.0 = Debug|Any CPU
		{A37FBA50-84EA-4B1F-B423-CC8BDD089985}.Release|Any CPU.ActiveCfg = Release|Any CPU
		{A37FBA50-84EA-4B1F-B423-CC8BDD089985}.Release|Any CPU.Build.0 = Release|Any CPU
		{A37FBA50-84EA-4B1F-B423-CC8BDD089985}.Release|x64.ActiveCfg = Release|Any CPU
		{A37FBA50-84EA-4B1F-B423-CC8BDD089985}.Release|x64.Build.0 = Release|Any CPU
		{A37FBA50-84EA-4B1F-B423-CC8BDD089985}.Release|x86.ActiveCfg = Release|Any CPU
		{A37FBA50-84EA-4B1F-B423-CC8BDD089985}.Release|x86.Build.0 = Release|Any CPU
	EndGlobalSection
	GlobalSection(NestedProjects) = preSolution
		{4EF2A644-9A4E-448E-B135-C2426FC92B15} = {DCADFD3A-90FD-4EC0-8952-74387B0AEE3F}
		{A37FBA50-84EA-4B1F-B423-CC8BDD089985} = {AAB9EE62-26CF-4E7C-8ACB-70472E9D6D67}
	EndGlobalSection
EndGlobal
