
Microsoft Visual Studio Solution File, Format Version 12.00
# Visual Studio 15
VisualStudioVersion = 15.0.26124.0
MinimumVisualStudioVersion = 15.0.26124.0
Project("{2150E333-8FDC-42A3-9474-1A3956D46DE8}") = "src", "src", "{C339C5A6-34D3-44FA-999D-24A5E9C1E498}"
EndProject
Project("{FAE04EC0-301F-11D3-BF4B-00C04F79EFBC}") = "GradeBook", "src\GradeBook\GradeBook.csproj", "{BEC96101-4D81-4B73-94F9-7BF7E460BCE1}"
EndProject
Project("{2150E333-8FDC-42A3-9474-1A3956D46DE8}") = "test", "test", "{1FAEE069-7C29-4D30-88B7-291DFE0A9259}"
EndProject
Project("{FAE04EC0-301F-11D3-BF4B-00C04F79EFBC}") = "GradeBook.Tests", "test\GradeBook.Tests\GradeBook.Tests.csproj", "{DC490EFD-7B8C-418E-84B4-C024C2CCD88D}"
EndProject
Global
	GlobalSection(SolutionConfigurationPlatforms) = preSolution
		Debug|Any CPU = Debug|Any CPU
		Debug|x64 = Debug|x64
		Debug|x86 = Debug|x86
		Release|Any CPU = Release|Any CPU
		Release|x64 = Release|x64
		Release|x86 = Release|x86
	EndGlobalSection
	GlobalSection(SolutionProperties) = preSolution
		HideSolutionNode = FALSE
	EndGlobalSection
	GlobalSection(ProjectConfigurationPlatforms) = postSolution
		{BEC96101-4D81-4B73-94F9-7BF7E460BCE1}.Debug|Any CPU.ActiveCfg = Debug|Any CPU
		{BEC96101-4D81-4B73-94F9-7BF7E460BCE1}.Debug|Any CPU.Build.0 = Debug|Any CPU
		{BEC96101-4D81-4B73-94F9-7BF7E460BCE1}.Debug|x64.ActiveCfg = Debug|Any CPU
		{BEC96101-4D81-4B73-94F9-7BF7E460BCE1}.Debug|x64.Build.0 = Debug|Any CPU
		{BEC96101-4D81-4B73-94F9-7BF7E460BCE1}.Debug|x86.ActiveCfg = Debug|Any CPU
		{BEC96101-4D81-4B73-94F9-7BF7E460BCE1}.Debug|x86.Build.0 = Debug|Any CPU
		{BEC96101-4D81-4B73-94F9-7BF7E460BCE1}.Release|Any CPU.ActiveCfg = Release|Any CPU
		{BEC96101-4D81-4B73-94F9-7BF7E460BCE1}.Release|Any CPU.Build.0 = Release|Any CPU
		{BEC96101-4D81-4B73-94F9-7BF7E460BCE1}.Release|x64.ActiveCfg = Release|Any CPU
		{BEC96101-4D81-4B73-94F9-7BF7E460BCE1}.Release|x64.Build.0 = Release|Any CPU
		{BEC96101-4D81-4B73-94F9-7BF7E460BCE1}.Release|x86.ActiveCfg = Release|Any CPU
		{BEC96101-4D81-4B73-94F9-7BF7E460BCE1}.Release|x86.Build.0 = Release|Any CPU
		{DC490EFD-7B8C-418E-84B4-C024C2CCD88D}.Debug|Any CPU.ActiveCfg = Debug|Any CPU
		{DC490EFD-7B8C-418E-84B4-C024C2CCD88D}.Debug|Any CPU.Build.0 = Debug|Any CPU
		{DC490EFD-7B8C-418E-84B4-C024C2CCD88D}.Debug|x64.ActiveCfg = Debug|Any CPU
		{DC490EFD-7B8C-418E-84B4-C024C2CCD88D}.Debug|x64.Build.0 = Debug|Any CPU
		{DC490EFD-7B8C-418E-84B4-C024C2CCD88D}.Debug|x86.ActiveCfg = Debug|Any CPU
		{DC490EFD-7B8C-418E-84B4-C024C2CCD88D}.Debug|x86.Build.0 = Debug|Any CPU
		{DC490EFD-7B8C-418E-84B4-C024C2CCD88D}.Release|Any CPU.ActiveCfg = Release|Any CPU
		{DC490EFD-7B8C-418E-84B4-C024C2CCD88D}.Release|Any CPU.Build.0 = Release|Any CPU
		{DC490EFD-7B8C-418E-84B4-C024C2CCD88D}.Release|x64.ActiveCfg = Release|Any CPU
		{DC490EFD-7B8C-418E-84B4-C024C2CCD88D}.Release|x64.Build.0 = Release|Any CPU
		{DC490EFD-7B8C-418E-84B4-C024C2CCD88D}.Release|x86.ActiveCfg = Release|Any CPU
		{DC490EFD-7B8C-418E-84B4-C024C2CCD88D}.Release|x86.Build.0 = Release|Any CPU
	EndGlobalSection
	GlobalSection(NestedProjects) = preSolution
		{BEC96101-4D81-4B73-94F9-7BF7E460BCE1} = {C339C5A6-34D3-44FA-999D-24A5E9C1E498}
		{DC490EFD-7B8C-418E-84B4-C024C2CCD88D} = {1FAEE069-7C29-4D30-88B7-291DFE0A9259}
	EndGlobalSection
EndGlobal
