
Microsoft Visual Studio Solution File, Format Version 12.00
# Visual Studio 15
VisualStudioVersion = 15.0.26124.0
MinimumVisualStudioVersion = 15.0.26124.0
Project("{2150E333-8FDC-42A3-9474-1A3956D46DE8}") = "src", "src", "{8647DD01-A574-4282-887D-F28CE9E07030}"
EndProject
Project("{FAE04EC0-301F-11D3-BF4B-00C04F79EFBC}") = "GradeBook", "src\GradeBook\GradeBook.csproj", "{F4414AB2-67C4-40F2-B497-C4258E5ED9C3}"
EndProject
Project("{2150E333-8FDC-42A3-9474-1A3956D46DE8}") = "test", "test", "{7A078919-9704-45AA-904A-257873727017}"
EndProject
Project("{FAE04EC0-301F-11D3-BF4B-00C04F79EFBC}") = "GradeBook.Tests", "test\GradeBook.Tests\GradeBook.Tests.csproj", "{F7BBD5E6-89CF-40B2-B7E5-E94802F9D6E9}"
EndProject
Global
	GlobalSection(SolutionConfigurationPlatforms) = preSolution
		Debug|Any CPU = Debug|Any CPU
		Debug|x64 = Debug|x64
		Debug|x86 = Debug|x86
		Release|Any CPU = Release|Any CPU
		Release|x64 = Release|x64
		Release|x86 = Release|x86
	EndGlobalSection
	GlobalSection(SolutionProperties) = preSolution
		HideSolutionNode = FALSE
	EndGlobalSection
	GlobalSection(ProjectConfigurationPlatforms) = postSolution
		{F4414AB2-67C4-40F2-B497-C4258E5ED9C3}.Debug|Any CPU.ActiveCfg = Debug|Any CPU
		{F4414AB2-67C4-40F2-B497-C4258E5ED9C3}.Debug|Any CPU.Build.0 = Debug|Any CPU
		{F4414AB2-67C4-40F2-B497-C4258E5ED9C3}.Debug|x64.ActiveCfg = Debug|Any CPU
		{F4414AB2-67C4-40F2-B497-C4258E5ED9C3}.Debug|x64.Build.0 = Debug|Any CPU
		{F4414AB2-67C4-40F2-B497-C4258E5ED9C3}.Debug|x86.ActiveCfg = Debug|Any CPU
		{F4414AB2-67C4-40F2-B497-C4258E5ED9C3}.Debug|x86.Build.0 = Debug|Any CPU
		{F4414AB2-67C4-40F2-B497-C4258E5ED9C3}.Release|Any CPU.ActiveCfg = Release|Any CPU
		{F4414AB2-67C4-40F2-B497-C4258E5ED9C3}.Release|Any CPU.Build.0 = Release|Any CPU
		{F4414AB2-67C4-40F2-B497-C4258E5ED9C3}.Release|x64.ActiveCfg = Release|Any CPU
		{F4414AB2-67C4-40F2-B497-C4258E5ED9C3}.Release|x64.Build.0 = Release|Any CPU
		{F4414AB2-67C4-40F2-B497-C4258E5ED9C3}.Release|x86.ActiveCfg = Release|Any CPU
		{F4414AB2-67C4-40F2-B497-C4258E5ED9C3}.Release|x86.Build.0 = Release|Any CPU
		{F7BBD5E6-89CF-40B2-B7E5-E94802F9D6E9}.Debug|Any CPU.ActiveCfg = Debug|Any CPU
		{F7BBD5E6-89CF-40B2-B7E5-E94802F9D6E9}.Debug|Any CPU.Build.0 = Debug|Any CPU
		{F7BBD5E6-89CF-40B2-B7E5-E94802F9D6E9}.Debug|x64.ActiveCfg = Debug|Any CPU
		{F7BBD5E6-89CF-40B2-B7E5-E94802F9D6E9}.Debug|x64.Build.0 = Debug|Any CPU
		{F7BBD5E6-89CF-40B2-B7E5-E94802F9D6E9}.Debug|x86.ActiveCfg = Debug|Any CPU
		{F7BBD5E6-89CF-40B2-B7E5-E94802F9D6E9}.Debug|x86.Build.0 = Debug|Any CPU
		{F7BBD5E6-89CF-40B2-B7E5-E94802F9D6E9}.Release|Any CPU.ActiveCfg = Release|Any CPU
		{F7BBD5E6-89CF-40B2-B7E5-E94802F9D6E9}.Release|Any CPU.Build.0 = Release|Any CPU
		{F7BBD5E6-89CF-40B2-B7E5-E94802F9D6E9}.Release|x64.ActiveCfg = Release|Any CPU
		{F7BBD5E6-89CF-40B2-B7E5-E94802F9D6E9}.Release|x64.Build.0 = Release|Any CPU
		{F7BBD5E6-89CF-40B2-B7E5-E94802F9D6E9}.Release|x86.ActiveCfg = Release|Any CPU
		{F7BBD5E6-89CF-40B2-B7E5-E94802F9D6E9}.Release|x86.Build.0 = Release|Any CPU
	EndGlobalSection
	GlobalSection(NestedProjects) = preSolution
		{F4414AB2-67C4-40F2-B497-C4258E5ED9C3} = {8647DD01-A574-4282-887D-F28CE9E07030}
		{F7BBD5E6-89CF-40B2-B7E5-E94802F9D6E9} = {7A078919-9704-45AA-904A-257873727017}
	EndGlobalSection
EndGlobal
